schema=westlake-package-manager-aosp-cts-signature-corpus-v1
source_repository=AOSP-V15/cts
source_commit=c36a551f495dbbbd656a1a3733a88f6d0ee4bc3c
source_path=hostsidetests/appsecurity/res/pkgsigverify
fixture=v2-only-signatures-and-digests-block-mismatch.apk
git_blob=fb397a4af5731b096f7469bb5c515ef08cdf02dd
repo_relative_path=evidence/fixtures/aosp-apksig/v2-only-signatures-and-digests-block-mismatch.apk
sha256=2b66deee0b1413ecf662b44dde40babbdde659d6e9a27351365f106076678208
expected=REJECT_SIGNATURE_DIGEST_ALGORITHM_LIST_MISMATCH
fixture=v31-block-stripped-v3-attr-value-33.apk
git_blob=3ca0c303e7be15982d88c25f6bafadf036308ed1
repo_relative_path=evidence/fixtures/aosp-apksig/v31-block-stripped-v3-attr-value-33.apk
sha256=3b340012524196197ff37dfb05503e3e59c96cca2fb57254701f58d2cf85cbbb
expected=REJECT_V31_BLOCK_STRIPPED
fixture=v31-ec-p256_2-tgt-33-ec-p256-tgt-1-27-and-100001.apk
git_blob=8a6a52c7f62a43144e24ba12d630599b5d83307b
repo_relative_path=evidence/fixtures/aosp-apksig/v31-ec-p256_2-tgt-33-ec-p256-tgt-1-27-and-100001.apk
sha256=b9f4977ebcf14ebb655b1c8c9800deb9e58c6ecf0148abbb1c51324342eb43ba
expected=ACCEPT_V31_TARGET_SDK_35
purpose=aosp-cts-signature-regression-only
